
Microsoft Visual Studio Solution File, Format Version 12.00
# Visual Studio Version 17
VisualStudioVersion = 17.12.35728.132 d17.12
MinimumVisualStudioVersion = 10.0.40219.1
Project("{FAE04EC0-301F-11D3-BF4B-00C04F79EFBC}") = "BookStore.WebApi", "BookStore.WebApi\BookStore.WebApi.csproj", "{419C02B2-3A0F-4897-B583-4FE35AA6D64C}"
EndProject
Project("{FAE04EC0-301F-11D3-BF4B-00C04F79EFBC}") = "BookStore.EntityLayer", "BookStore.EntityLayer\BookStore.EntityLayer.csproj", "{1CFFAA62-3F97-4E80-99E9-5E7D72FF5125}"
EndProject
Project("{FAE04EC0-301F-11D3-BF4B-00C04F79EFBC}") = "BookStore.DataAccessLayer", "BookStore.DataAccessLayer\BookStore.DataAccessLayer.csproj", "{FFECA63F-E557-46AE-8336-DFB3A1781F78}"
EndProject
Global
	GlobalSection(SolutionConfigurationPlatforms) = preSolution
		Debug|Any CPU = Debug|Any CPU
		Release|Any CPU = Release|Any CPU
	EndGlobalSection
	GlobalSection(ProjectConfigurationPlatforms) = postSolution
		{419C02B2-3A0F-4897-B583-4FE35AA6D64C}.Debug|Any CPU.ActiveCfg = Debug|Any CPU
		{419C02B2-3A0F-4897-B583-4FE35AA6D64C}.Debug|Any CPU.Build.0 = Debug|Any CPU
		{419C02B2-3A0F-4897-B583-4FE35AA6D64C}.Release|Any CPU.ActiveCfg = Release|Any CPU
		{419C02B2-3A0F-4897-B583-4FE35AA6D64C}.Release|Any CPU.Build.0 = Release|Any CPU
		{1CFFAA62-3F97-4E80-99E9-5E7D72FF5125}.Debug|Any CPU.ActiveCfg = Debug|Any CPU
		{1CFFAA62-3F97-4E80-99E9-5E7D72FF5125}.Debug|Any CPU.Build.0 = Debug|Any CPU
		{1CFFAA62-3F97-4E80-99E9-5E7D72FF5125}.Release|Any CPU.ActiveCfg = Release|Any CPU
		{1CFFAA62-3F97-4E80-99E9-5E7D72FF5125}.Release|Any CPU.Build.0 = Release|Any CPU
		{FFECA63F-E557-46AE-8336-DFB3A1781F78}.Debug|Any CPU.ActiveCfg = Debug|Any CPU
		{FFECA63F-E557-46AE-8336-DFB3A1781F78}.Debug|Any CPU.Build.0 = Debug|Any CPU
		{FFECA63F-E557-46AE-8336-DFB3A1781F78}.Release|Any CPU.ActiveCfg = Release|Any CPU
		{FFECA63F-E557-46AE-8336-DFB3A1781F78}.Release|Any CPU.Build.0 = Release|Any CPU
	EndGlobalSection
	GlobalSection(SolutionProperties) = preSolution
		HideSolutionNode = FALSE
	EndGlobalSection
EndGlobal
